
Microsoft Visual Studio Solution File, Format Version 12.00
# Visual Studio 14
VisualStudioVersion = 14.0.25420.1
MinimumVisualStudioVersion = 10.0.40219.1
Project("{FAE04EC0-301F-11D3-BF4B-00C04F79EFBC}") = "SimpleStorage", "SimpleStorage\SimpleStorage.csproj", "{B04BB404-9061-4FDE-810A-92E5844D3631}"
EndProject
Project("{FAE04EC0-301F-11D3-BF4B-00C04F79EFBC}") = "SimpleStorage.Test", "SimpleStorage.Test\SimpleStorage.Test.csproj", "{B6B81B69-C626-469E-8C8A-4F2C41B2BDF0}"
EndProject
Global
	GlobalSection(SolutionConfigurationPlatforms) = preSolution
		Debug|Any CPU = Debug|Any CPU
		Release|Any CPU = Release|Any CPU
	EndGlobalSection
	GlobalSection(ProjectConfigurationPlatforms) = postSolution
		{B04BB404-9061-4FDE-810A-92E5844D3631}.Debug|Any CPU.ActiveCfg = Debug|Any CPU
		{B04BB404-9061-4FDE-810A-92E5844D3631}.Debug|Any CPU.Build.0 = Debug|Any CPU
		{B04BB404-9061-4FDE-810A-92E5844D3631}.Release|Any CPU.ActiveCfg = Release|Any CPU
		{B04BB404-9061-4FDE-810A-92E5844D3631}.Release|Any CPU.Build.0 = Release|Any CPU
		{B6B81B69-C626-469E-8C8A-4F2C41B2BDF0}.Debug|Any CPU.ActiveCfg = Debug|Any CPU
		{B6B81B69-C626-469E-8C8A-4F2C41B2BDF0}.Debug|Any CPU.Build.0 = Debug|Any CPU
		{B6B81B69-C626-469E-8C8A-4F2C41B2BDF0}.Release|Any CPU.ActiveCfg = Release|Any CPU
		{B6B81B69-C626-469E-8C8A-4F2C41B2BDF0}.Release|Any CPU.Build.0 = Release|Any CPU
	EndGlobalSection
	GlobalSection(SolutionProperties) = preSolution
		HideSolutionNode = FALSE
	EndGlobalSection
EndGlobal
